
Microsoft Visual Studio Solution File, Format Version 12.00
# Visual Studio Version 17
VisualStudioVersion = 17.8.34322.80
MinimumVisualStudioVersion = 10.0.40219.1
Project("{FAE04EC0-301F-11D3-BF4B-00C04F79EFBC}") = "laba_BD", "laba_BD\laba_BD.csproj", "{4D94656F-35D8-4C14-A7FC-84F9174ED1CA}"
EndProject
Global
	GlobalSection(SolutionConfigurationPlatforms) = preSolution
		Debug|Any CPU = Debug|Any CPU
		Release|Any CPU = Release|Any CPU
	EndGlobalSection
	GlobalSection(ProjectConfigurationPlatforms) = postSolution
		{4D94656F-35D8-4C14-A7FC-84F9174ED1CA}.Debug|Any CPU.ActiveCfg = Debug|Any CPU
		{4D94656F-35D8-4C14-A7FC-84F9174ED1CA}.Debug|Any CPU.Build.0 = Debug|Any CPU
		{4D94656F-35D8-4C14-A7FC-84F9174ED1CA}.Release|Any CPU.ActiveCfg = Release|Any CPU
		{4D94656F-35D8-4C14-A7FC-84F9174ED1CA}.Release|Any CPU.Build.0 = Release|Any CPU
	EndGlobalSection
	GlobalSection(SolutionProperties) = preSolution
		HideSolutionNode = FALSE
	EndGlobalSection
	GlobalSection(ExtensibilityGlobals) = postSolution
		SolutionGuid = {E4D9E186-A341-43C3-8B18-00CA751A341A}
	EndGlobalSection
EndGlobal
